
Microsoft Visual Studio Solution File, Format Version 12.00
# Visual Studio Version 16
VisualStudioVersion = 16.0.32126.315
MinimumVisualStudioVersion = 10.0.40219.1
Project("{9A19103F-16F7-4668-BE54-9A1E7A4F7556}") = "MyToDo", "MyToDo.csproj", "{4E5BFC65-C411-4071-BD47-809425F19E21}"
EndProject
Project("{9A19103F-16F7-4668-BE54-9A1E7A4F7556}") = "MyToDo.API", "..\MyToDo.API\MyToDo.API.csproj", "{A4562D06-E3DC-46D6-A7B4-29AEBB219AC2}"
EndProject
Project("{FAE04EC0-301F-11D3-BF4B-00C04F79EFBC}") = "MyToDo.Shared", "..\MyToDo.Shared\MyToDo.Shared.csproj", "{07CBD392-F991-4ED1-B285-68BF921C60D5}"
EndProject
Global
	GlobalSection(SolutionConfigurationPlatforms) = preSolution
		Debug|Any CPU = Debug|Any CPU
		Release|Any CPU = Release|Any CPU
	EndGlobalSection
	GlobalSection(ProjectConfigurationPlatforms) = postSolution
		{4E5BFC65-C411-4071-BD47-809425F19E21}.Debug|Any CPU.ActiveCfg = Debug|Any CPU
		{4E5BFC65-C411-4071-BD47-809425F19E21}.Debug|Any CPU.Build.0 = Debug|Any CPU
		{4E5BFC65-C411-4071-BD47-809425F19E21}.Release|Any CPU.ActiveCfg = Release|Any CPU
		{4E5BFC65-C411-4071-BD47-809425F19E21}.Release|Any CPU.Build.0 = Release|Any CPU
		{A4562D06-E3DC-46D6-A7B4-29AEBB219AC2}.Debug|Any CPU.ActiveCfg = Debug|Any CPU
		{A4562D06-E3DC-46D6-A7B4-29AEBB219AC2}.Debug|Any CPU.Build.0 = Debug|Any CPU
		{A4562D06-E3DC-46D6-A7B4-29AEBB219AC2}.Release|Any CPU.ActiveCfg = Release|Any CPU
		{A4562D06-E3DC-46D6-A7B4-29AEBB219AC2}.Release|Any CPU.Build.0 = Release|Any CPU
		{07CBD392-F991-4ED1-B285-68BF921C60D5}.Debug|Any CPU.ActiveCfg = Debug|Any CPU
		{07CBD392-F991-4ED1-B285-68BF921C60D5}.Debug|Any CPU.Build.0 = Debug|Any CPU
		{07CBD392-F991-4ED1-B285-68BF921C60D5}.Release|Any CPU.ActiveCfg = Release|Any CPU
		{07CBD392-F991-4ED1-B285-68BF921C60D5}.Release|Any CPU.Build.0 = Release|Any CPU
	EndGlobalSection
	GlobalSection(SolutionProperties) = preSolution
		HideSolutionNode = FALSE
	EndGlobalSection
	GlobalSection(ExtensibilityGlobals) = postSolution
		SolutionGuid = {01E134C2-39E4-4F36-B75E-AF00FCFE9E8E}
	EndGlobalSection
EndGlobal
